
Microsoft Visual Studio Solution File, Format Version 12.00
# Visual Studio Version 16
VisualStudioVersion = 16.0.29509.3
MinimumVisualStudioVersion = 10.0.40219.1
Project("{FAE04EC0-301F-11D3-BF4B-00C04F79EFBC}") = "Task01", "GuzhikovaTasks\Task01.csproj", "{778256F8-F3DF-42F8-B2D8-E0E8F4ACC637}"
EndProject
Project("{FAE04EC0-301F-11D3-BF4B-00C04F79EFBC}") = "Task02", "Task0.2\Task02.csproj", "{76A5E70D-5085-4954-AE48-36C1C241C9B0}"
EndProject
Project("{FAE04EC0-301F-11D3-BF4B-00C04F79EFBC}") = "Task03", "Task0.3\Task03.csproj", "{1B25A05B-B6BF-4AC4-A567-60ECE4DF5C58}"
EndProject
Project("{FAE04EC0-301F-11D3-BF4B-00C04F79EFBC}") = "Task04", "Task04\Task04.csproj", "{78073D39-9540-4F34-8D59-E6B58C80D5C5}"
EndProject
Project("{FAE04EC0-301F-11D3-BF4B-00C04F79EFBC}") = "Task1_Basics", "Task1_Basics\Task1_Basics.csproj", "{71B9607D-D5F9-463C-9599-EAE1C7A62143}"
EndProject
Project("{FAE04EC0-301F-11D3-BF4B-00C04F79EFBC}") = "Task1_Language", "Task1_Language\Task1_Language.csproj", "{04D37F2E-483B-4E3E-89AF-F26D027337B0}"
EndProject
Project("{FAE04EC0-301F-11D3-BF4B-00C04F79EFBC}") = "Task1_Strings", "Task1_Strings\Task1_Strings.csproj", "{FF2839EB-803F-491C-8ADC-504511DB9E7F}"
EndProject
Project("{FAE04EC0-301F-11D3-BF4B-00C04F79EFBC}") = "Task2.1-2.4_Encapsulation", "Task2_Encapsulation\Task2.1-2.4_Encapsulation.csproj", "{5D4D32A3-A1A3-4940-B1E1-7985870C9902}"
EndProject
Project("{FAE04EC0-301F-11D3-BF4B-00C04F79EFBC}") = "Task2.3_2.5_User_Employee", "Task2_UserEmployee\Task2.3_2.5_User_Employee.csproj", "{5FDDAAB7-3C0D-4BE0-BDA8-DACA1ACB36D5}"
EndProject
Project("{FAE04EC0-301F-11D3-BF4B-00C04F79EFBC}") = "Task2.6_2.7_Ring_Vector", "Task2_7\Task2.6_2.7_Ring_Vector.csproj", "{E8A59286-6969-484B-9711-2A66628C06E8}"
EndProject
Project("{FAE04EC0-301F-11D3-BF4B-00C04F79EFBC}") = "Task2.8_Game", "Task2_Game\Task2.8_Game.csproj", "{B5B21339-3D18-487B-8CCD-B2845905AEA4}"
EndProject
Project("{FAE04EC0-301F-11D3-BF4B-00C04F79EFBC}") = "Task3.1_3.2", "Task3\Task3.1_3.2.csproj", "{3EE537FB-16DD-4A66-85F4-48331CA49A59}"
EndProject
Project("{FAE04EC0-301F-11D3-BF4B-00C04F79EFBC}") = "Functions", "Functions\Functions.csproj", "{220FDA83-24B8-4F12-BD07-19704E70A5CD}"
EndProject
Project("{FAE04EC0-301F-11D3-BF4B-00C04F79EFBC}") = "Task3.3_DynamicArray", "Task3DynamicArray\Task3.3_DynamicArray.csproj", "{4C7693E7-12ED-4F85-9E62-9AB64C140DBB}"
EndProject
Project("{FAE04EC0-301F-11D3-BF4B-00C04F79EFBC}") = "Task4.1-4.3_Sort", "Task4\Task4.1-4.3_Sort.csproj", "{9AC27334-97DB-4B3E-ADD8-E694C69373DF}"
EndProject
Project("{FAE04EC0-301F-11D3-BF4B-00C04F79EFBC}") = "Task4.4-4.5_Extensions", "Task4Extensions\Task4.4-4.5_Extensions.csproj", "{830C9355-3734-4DD7-8B72-931F834E7E7B}"
EndProject
Global
	GlobalSection(SolutionConfigurationPlatforms) = preSolution
		Debug|Any CPU = Debug|Any CPU
		Release|Any CPU = Release|Any CPU
	EndGlobalSection
	GlobalSection(ProjectConfigurationPlatforms) = postSolution
		{778256F8-F3DF-42F8-B2D8-E0E8F4ACC637}.Debug|Any CPU.ActiveCfg = Debug|Any CPU
		{778256F8-F3DF-42F8-B2D8-E0E8F4ACC637}.Debug|Any CPU.Build.0 = Debug|Any CPU
		{778256F8-F3DF-42F8-B2D8-E0E8F4ACC637}.Release|Any CPU.ActiveCfg = Release|Any CPU
		{778256F8-F3DF-42F8-B2D8-E0E8F4ACC637}.Release|Any CPU.Build.0 = Release|Any CPU
		{76A5E70D-5085-4954-AE48-36C1C241C9B0}.Debug|Any CPU.ActiveCfg = Debug|Any CPU
		{76A5E70D-5085-4954-AE48-36C1C241C9B0}.Debug|Any CPU.Build.0 = Debug|Any CPU
		{76A5E70D-5085-4954-AE48-36C1C241C9B0}.Release|Any CPU.ActiveCfg = Release|Any CPU
		{76A5E70D-5085-4954-AE48-36C1C241C9B0}.Release|Any CPU.Build.0 = Release|Any CPU
		{1B25A05B-B6BF-4AC4-A567-60ECE4DF5C58}.Debug|Any CPU.ActiveCfg = Debug|Any CPU
		{1B25A05B-B6BF-4AC4-A567-60ECE4DF5C58}.Debug|Any CPU.Build.0 = Debug|Any CPU
		{1B25A05B-B6BF-4AC4-A567-60ECE4DF5C58}.Release|Any CPU.ActiveCfg = Release|Any CPU
		{1B25A05B-B6BF-4AC4-A567-60ECE4DF5C58}.Release|Any CPU.Build.0 = Release|Any CPU
		{78073D39-9540-4F34-8D59-E6B58C80D5C5}.Debug|Any CPU.ActiveCfg = Debug|Any CPU
		{78073D39-9540-4F34-8D59-E6B58C80D5C5}.Debug|Any CPU.Build.0 = Debug|Any CPU
		{78073D39-9540-4F34-8D59-E6B58C80D5C5}.Release|Any CPU.ActiveCfg = Release|Any CPU
		{78073D39-9540-4F34-8D59-E6B58C80D5C5}.Release|Any CPU.Build.0 = Release|Any CPU
		{71B9607D-D5F9-463C-9599-EAE1C7A62143}.Debug|Any CPU.ActiveCfg = Debug|Any CPU
		{71B9607D-D5F9-463C-9599-EAE1C7A62143}.Debug|Any CPU.Build.0 = Debug|Any CPU
		{71B9607D-D5F9-463C-9599-EAE1C7A62143}.Release|Any CPU.ActiveCfg = Release|Any CPU
		{71B9607D-D5F9-463C-9599-EAE1C7A62143}.Release|Any CPU.Build.0 = Release|Any CPU
		{04D37F2E-483B-4E3E-89AF-F26D027337B0}.Debug|Any CPU.ActiveCfg = Debug|Any CPU
		{04D37F2E-483B-4E3E-89AF-F26D027337B0}.Debug|Any CPU.Build.0 = Debug|Any CPU
		{04D37F2E-483B-4E3E-89AF-F26D027337B0}.Release|Any CPU.ActiveCfg = Release|Any CPU
		{04D37F2E-483B-4E3E-89AF-F26D027337B0}.Release|Any CPU.Build.0 = Release|Any CPU
		{FF2839EB-803F-491C-8ADC-504511DB9E7F}.Debug|Any CPU.ActiveCfg = Debug|Any CPU
		{FF2839EB-803F-491C-8ADC-504511DB9E7F}.Debug|Any CPU.Build.0 = Debug|Any CPU
		{FF2839EB-803F-491C-8ADC-504511DB9E7F}.Release|Any CPU.ActiveCfg = Release|Any CPU
		{FF2839EB-803F-491C-8ADC-504511DB9E7F}.Release|Any CPU.Build.0 = Release|Any CPU
		{5D4D32A3-A1A3-4940-B1E1-7985870C9902}.Debug|Any CPU.ActiveCfg = Debug|Any CPU
		{5D4D32A3-A1A3-4940-B1E1-7985870C9902}.Debug|Any CPU.Build.0 = Debug|Any CPU
		{5D4D32A3-A1A3-4940-B1E1-7985870C9902}.Release|Any CPU.ActiveCfg = Release|Any CPU
		{5D4D32A3-A1A3-4940-B1E1-7985870C9902}.Release|Any CPU.Build.0 = Release|Any CPU
		{5FDDAAB7-3C0D-4BE0-BDA8-DACA1ACB36D5}.Debug|Any CPU.ActiveCfg = Debug|Any CPU
		{5FDDAAB7-3C0D-4BE0-BDA8-DACA1ACB36D5}.Debug|Any CPU.Build.0 = Debug|Any CPU
		{5FDDAAB7-3C0D-4BE0-BDA8-DACA1ACB36D5}.Release|Any CPU.ActiveCfg = Release|Any CPU
		{5FDDAAB7-3C0D-4BE0-BDA8-DACA1ACB36D5}.Release|Any CPU.Build.0 = Release|Any CPU
		{E8A59286-6969-484B-9711-2A66628C06E8}.Debug|Any CPU.ActiveCfg = Debug|Any CPU
		{E8A59286-6969-484B-9711-2A66628C06E8}.Debug|Any CPU.Build.0 = Debug|Any CPU
		{E8A59286-6969-484B-9711-2A66628C06E8}.Release|Any CPU.ActiveCfg = Release|Any CPU
		{E8A59286-6969-484B-9711-2A66628C06E8}.Release|Any CPU.Build.0 = Release|Any CPU
		{B5B21339-3D18-487B-8CCD-B2845905AEA4}.Debug|Any CPU.ActiveCfg = Debug|Any CPU
		{B5B21339-3D18-487B-8CCD-B2845905AEA4}.Debug|Any CPU.Build.0 = Debug|Any CPU
		{B5B21339-3D18-487B-8CCD-B2845905AEA4}.Release|Any CPU.ActiveCfg = Release|Any CPU
		{B5B21339-3D18-487B-8CCD-B2845905AEA4}.Release|Any CPU.Build.0 = Release|Any CPU
		{3EE537FB-16DD-4A66-85F4-48331CA49A59}.Debug|Any CPU.ActiveCfg = Debug|Any CPU
		{3EE537FB-16DD-4A66-85F4-48331CA49A59}.Debug|Any CPU.Build.0 = Debug|Any CPU
		{3EE537FB-16DD-4A66-85F4-48331CA49A59}.Release|Any CPU.ActiveCfg = Release|Any CPU
		{3EE537FB-16DD-4A66-85F4-48331CA49A59}.Release|Any CPU.Build.0 = Release|Any CPU
		{220FDA83-24B8-4F12-BD07-19704E70A5CD}.Debug|Any CPU.ActiveCfg = Debug|Any CPU
		{220FDA83-24B8-4F12-BD07-19704E70A5CD}.Debug|Any CPU.Build.0 = Debug|Any CPU
		{220FDA83-24B8-4F12-BD07-19704E70A5CD}.Release|Any CPU.ActiveCfg = Release|Any CPU
		{220FDA83-24B8-4F12-BD07-19704E70A5CD}.Release|Any CPU.Build.0 = Release|Any CPU
		{4C7693E7-12ED-4F85-9E62-9AB64C140DBB}.Debug|Any CPU.ActiveCfg = Debug|Any CPU
		{4C7693E7-12ED-4F85-9E62-9AB64C140DBB}.Debug|Any CPU.Build.0 = Debug|Any CPU
		{4C7693E7-12ED-4F85-9E62-9AB64C140DBB}.Release|Any CPU.ActiveCfg = Release|Any CPU
		{4C7693E7-12ED-4F85-9E62-9AB64C140DBB}.Release|Any CPU.Build.0 = Release|Any CPU
		{9AC27334-97DB-4B3E-ADD8-E694C69373DF}.Debug|Any CPU.ActiveCfg = Debug|Any CPU
		{9AC27334-97DB-4B3E-ADD8-E694C69373DF}.Debug|Any CPU.Build.0 = Debug|Any CPU
		{9AC27334-97DB-4B3E-ADD8-E694C69373DF}.Release|Any CPU.ActiveCfg = Release|Any CPU
		{9AC27334-97DB-4B3E-ADD8-E694C69373DF}.Release|Any CPU.Build.0 = Release|Any CPU
		{830C9355-3734-4DD7-8B72-931F834E7E7B}.Debug|Any CPU.ActiveCfg = Debug|Any CPU
		{830C9355-3734-4DD7-8B72-931F834E7E7B}.Debug|Any CPU.Build.0 = Debug|Any CPU
		{830C9355-3734-4DD7-8B72-931F834E7E7B}.Release|Any CPU.ActiveCfg = Release|Any CPU
		{830C9355-3734-4DD7-8B72-931F834E7E7B}.Release|Any CPU.Build.0 = Release|Any CPU
	EndGlobalSection
	GlobalSection(SolutionProperties) = preSolution
		HideSolutionNode = FALSE
	EndGlobalSection
	GlobalSection(ExtensibilityGlobals) = postSolution
		SolutionGuid = {0BA46F07-70D7-4E43-A921-09E35A773FB9}
	EndGlobalSection
EndGlobal
