
Microsoft Visual Studio Solution File, Format Version 12.00
# Visual Studio Version 16
VisualStudioVersion = 16.0.29509.3
MinimumVisualStudioVersion = 10.0.40219.1
Project("{FAE04EC0-301F-11D3-BF4B-00C04F79EFBC}") = "GuzhikovaTasks0.1", "GuzhikovaTasks\GuzhikovaTasks0.1.csproj", "{778256F8-F3DF-42F8-B2D8-E0E8F4ACC637}"
EndProject
Global
	GlobalSection(SolutionConfigurationPlatforms) = preSolution
		Debug|Any CPU = Debug|Any CPU
		Release|Any CPU = Release|Any CPU
	EndGlobalSection
	GlobalSection(ProjectConfigurationPlatforms) = postSolution
		{778256F8-F3DF-42F8-B2D8-E0E8F4ACC637}.Debug|Any CPU.ActiveCfg = Debug|Any CPU
		{778256F8-F3DF-42F8-B2D8-E0E8F4ACC637}.Debug|Any CPU.Build.0 = Debug|Any CPU
		{778256F8-F3DF-42F8-B2D8-E0E8F4ACC637}.Release|Any CPU.ActiveCfg = Release|Any CPU
		{778256F8-F3DF-42F8-B2D8-E0E8F4ACC637}.Release|Any CPU.Build.0 = Release|Any CPU
	EndGlobalSection
	GlobalSection(SolutionProperties) = preSolution
		HideSolutionNode = FALSE
	EndGlobalSection
	GlobalSection(ExtensibilityGlobals) = postSolution
		SolutionGuid = {0BA46F07-70D7-4E43-A921-09E35A773FB9}
	EndGlobalSection
EndGlobal
