
Microsoft Visual Studio Solution File, Format Version 12.00
# Visual Studio Version 16
VisualStudioVersion = 16.0.29613.14
MinimumVisualStudioVersion = 10.0.40219.1
Project("{FAE04EC0-301F-11D3-BF4B-00C04F79EFBC}") = "UsersAndAwards.ConsolePL", "Guzhikova.Task6\UsersAndAwards.ConsolePL.csproj", "{F2062B42-2A87-4275-99BD-9F8E22255EBB}"
EndProject
Project("{FAE04EC0-301F-11D3-BF4B-00C04F79EFBC}") = "Guzhikova.Task6.BLL", "Users.BLL\Guzhikova.Task6.BLL.csproj", "{401F3DD9-9B2D-4597-AC9C-3D51C470CED9}"
EndProject
Project("{2150E333-8FDC-42A3-9474-1A3956D46DE8}") = "BLL", "BLL", "{264B43D7-82FB-4859-8AD6-29AE953B5D7E}"
EndProject
Project("{2150E333-8FDC-42A3-9474-1A3956D46DE8}") = "PL", "PL", "{1A23ACC1-BAFC-49D2-822B-BEC4FB54148A}"
EndProject
Project("{2150E333-8FDC-42A3-9474-1A3956D46DE8}") = "DAL", "DAL", "{3AE0EC17-28D5-4EC2-AD16-CAA3A137C37F}"
EndProject
Project("{2150E333-8FDC-42A3-9474-1A3956D46DE8}") = "Common", "Common", "{C7CE45BB-C935-4D8C-AAE6-BE4493BAE819}"
EndProject
Project("{FAE04EC0-301F-11D3-BF4B-00C04F79EFBC}") = "Guzhikova.Task6.BLLInterfaces", "Users.BLLInterfaces\Guzhikova.Task6.BLLInterfaces.csproj", "{704E732A-7F77-4153-B5AA-515FE893494F}"
EndProject
Project("{FAE04EC0-301F-11D3-BF4B-00C04F79EFBC}") = "Guzhikova.Task6.Entities", "Users.Entities\Guzhikova.Task6.Entities.csproj", "{29C2E00E-0030-4A92-B238-8D768BA1544B}"
EndProject
Project("{FAE04EC0-301F-11D3-BF4B-00C04F79EFBC}") = "Guzhikova.Task6.DAL", "Users.DAL\Guzhikova.Task6.DAL.csproj", "{A74F6612-3F5F-4F27-B6EB-A04361C74616}"
EndProject
Project("{FAE04EC0-301F-11D3-BF4B-00C04F79EFBC}") = "Guzhikova.Task6.Dao.Interfaces", "Users.Dao.Interfaces\Guzhikova.Task6.Dao.Interfaces.csproj", "{13864549-1021-43B7-AF28-8BC58285584D}"
EndProject
Project("{FAE04EC0-301F-11D3-BF4B-00C04F79EFBC}") = "Guzhikova.Task6.Common", "UsersAndAwards.Ioc\Guzhikova.Task6.Common.csproj", "{E8AA2CD2-7AC8-402E-9B06-428768D19A07}"
EndProject
Global
	GlobalSection(SolutionConfigurationPlatforms) = preSolution
		Debug|Any CPU = Debug|Any CPU
		Release|Any CPU = Release|Any CPU
	EndGlobalSection
	GlobalSection(ProjectConfigurationPlatforms) = postSolution
		{F2062B42-2A87-4275-99BD-9F8E22255EBB}.Debug|Any CPU.ActiveCfg = Debug|Any CPU
		{F2062B42-2A87-4275-99BD-9F8E22255EBB}.Debug|Any CPU.Build.0 = Debug|Any CPU
		{F2062B42-2A87-4275-99BD-9F8E22255EBB}.Release|Any CPU.ActiveCfg = Release|Any CPU
		{F2062B42-2A87-4275-99BD-9F8E22255EBB}.Release|Any CPU.Build.0 = Release|Any CPU
		{401F3DD9-9B2D-4597-AC9C-3D51C470CED9}.Debug|Any CPU.ActiveCfg = Debug|Any CPU
		{401F3DD9-9B2D-4597-AC9C-3D51C470CED9}.Debug|Any CPU.Build.0 = Debug|Any CPU
		{401F3DD9-9B2D-4597-AC9C-3D51C470CED9}.Release|Any CPU.ActiveCfg = Release|Any CPU
		{401F3DD9-9B2D-4597-AC9C-3D51C470CED9}.Release|Any CPU.Build.0 = Release|Any CPU
		{704E732A-7F77-4153-B5AA-515FE893494F}.Debug|Any CPU.ActiveCfg = Debug|Any CPU
		{704E732A-7F77-4153-B5AA-515FE893494F}.Debug|Any CPU.Build.0 = Debug|Any CPU
		{704E732A-7F77-4153-B5AA-515FE893494F}.Release|Any CPU.ActiveCfg = Release|Any CPU
		{704E732A-7F77-4153-B5AA-515FE893494F}.Release|Any CPU.Build.0 = Release|Any CPU
		{29C2E00E-0030-4A92-B238-8D768BA1544B}.Debug|Any CPU.ActiveCfg = Debug|Any CPU
		{29C2E00E-0030-4A92-B238-8D768BA1544B}.Debug|Any CPU.Build.0 = Debug|Any CPU
		{29C2E00E-0030-4A92-B238-8D768BA1544B}.Release|Any CPU.ActiveCfg = Release|Any CPU
		{29C2E00E-0030-4A92-B238-8D768BA1544B}.Release|Any CPU.Build.0 = Release|Any CPU
		{A74F6612-3F5F-4F27-B6EB-A04361C74616}.Debug|Any CPU.ActiveCfg = Debug|Any CPU
		{A74F6612-3F5F-4F27-B6EB-A04361C74616}.Debug|Any CPU.Build.0 = Debug|Any CPU
		{A74F6612-3F5F-4F27-B6EB-A04361C74616}.Release|Any CPU.ActiveCfg = Release|Any CPU
		{A74F6612-3F5F-4F27-B6EB-A04361C74616}.Release|Any CPU.Build.0 = Release|Any CPU
		{13864549-1021-43B7-AF28-8BC58285584D}.Debug|Any CPU.ActiveCfg = Debug|Any CPU
		{13864549-1021-43B7-AF28-8BC58285584D}.Debug|Any CPU.Build.0 = Debug|Any CPU
		{13864549-1021-43B7-AF28-8BC58285584D}.Release|Any CPU.ActiveCfg = Release|Any CPU
		{13864549-1021-43B7-AF28-8BC58285584D}.Release|Any CPU.Build.0 = Release|Any CPU
		{E8AA2CD2-7AC8-402E-9B06-428768D19A07}.Debug|Any CPU.ActiveCfg = Debug|Any CPU
		{E8AA2CD2-7AC8-402E-9B06-428768D19A07}.Debug|Any CPU.Build.0 = Debug|Any CPU
		{E8AA2CD2-7AC8-402E-9B06-428768D19A07}.Release|Any CPU.ActiveCfg = Release|Any CPU
		{E8AA2CD2-7AC8-402E-9B06-428768D19A07}.Release|Any CPU.Build.0 = Release|Any CPU
	EndGlobalSection
	GlobalSection(SolutionProperties) = preSolution
		HideSolutionNode = FALSE
	EndGlobalSection
	GlobalSection(NestedProjects) = preSolution
		{F2062B42-2A87-4275-99BD-9F8E22255EBB} = {1A23ACC1-BAFC-49D2-822B-BEC4FB54148A}
		{401F3DD9-9B2D-4597-AC9C-3D51C470CED9} = {264B43D7-82FB-4859-8AD6-29AE953B5D7E}
		{704E732A-7F77-4153-B5AA-515FE893494F} = {264B43D7-82FB-4859-8AD6-29AE953B5D7E}
		{29C2E00E-0030-4A92-B238-8D768BA1544B} = {C7CE45BB-C935-4D8C-AAE6-BE4493BAE819}
		{A74F6612-3F5F-4F27-B6EB-A04361C74616} = {3AE0EC17-28D5-4EC2-AD16-CAA3A137C37F}
		{13864549-1021-43B7-AF28-8BC58285584D} = {3AE0EC17-28D5-4EC2-AD16-CAA3A137C37F}
		{E8AA2CD2-7AC8-402E-9B06-428768D19A07} = {C7CE45BB-C935-4D8C-AAE6-BE4493BAE819}
	EndGlobalSection
	GlobalSection(ExtensibilityGlobals) = postSolution
		SolutionGuid = {DCD92887-491D-463C-A7E3-CDDCEF045653}
	EndGlobalSection
EndGlobal
